
Microsoft Visual Studio Solution File, Format Version 12.00
# Visual Studio Version 16
VisualStudioVersion = 16.0.29609.76
MinimumVisualStudioVersion = 10.0.40219.1
Project("{FAE04EC0-301F-11D3-BF4B-00C04F79EFBC}") = "WebAPI", "WebAPI.csproj", "{58213143-ADAE-4220-BD2E-D82E1DB385E5}"
EndProject
Global
	GlobalSection(SolutionConfigurationPlatforms) = preSolution
		Debug|Any CPU = Debug|Any CPU
		Debug|x86 = Debug|x86
		Release|Any CPU = Release|Any CPU
		Release|x86 = Release|x86
	EndGlobalSection
	GlobalSection(ProjectConfigurationPlatforms) = postSolution
		{58213143-ADAE-4220-BD2E-D82E1DB385E5}.Debug|Any CPU.ActiveCfg = Debug|Any CPU
		{58213143-ADAE-4220-BD2E-D82E1DB385E5}.Debug|Any CPU.Build.0 = Debug|Any CPU
		{58213143-ADAE-4220-BD2E-D82E1DB385E5}.Debug|x86.ActiveCfg = Debug|x86
		{58213143-ADAE-4220-BD2E-D82E1DB385E5}.Debug|x86.Build.0 = Debug|x86
		{58213143-ADAE-4220-BD2E-D82E1DB385E5}.Release|Any CPU.ActiveCfg = Release|Any CPU
		{58213143-ADAE-4220-BD2E-D82E1DB385E5}.Release|Any CPU.Build.0 = Release|Any CPU
		{58213143-ADAE-4220-BD2E-D82E1DB385E5}.Release|x86.ActiveCfg = Release|x86
		{58213143-ADAE-4220-BD2E-D82E1DB385E5}.Release|x86.Build.0 = Release|x86
	EndGlobalSection
	GlobalSection(SolutionProperties) = preSolution
		HideSolutionNode = FALSE
	EndGlobalSection
	GlobalSection(ExtensibilityGlobals) = postSolution
		SolutionGuid = {6A46E6BF-55E7-4966-BC93-1DB2D5BC35A9}
	EndGlobalSection
EndGlobal
